{
  "name": "dsh-plugin-memo",
  "version": "0.1.0",
  "lockfileVersion": 3,
  "requires": true,
  "packages": {
    "": {
      "name": "dsh-plugin-memo",
      "version": "0.1.0",
      "license": "MIT",
      "devDependencies": {
        "@types/node": "^24.3.0",
        "typescript": "^5.9.3"
      },
      "engines": {
        "node": ">=20"
      },
      "optionalDependencies": {
        "tree-sitter-wasm": "^2.0.1",
        "web-tree-sitter": "^0.25.10"
      },
      "peerDependencies": {
        "@deepseek-ai/dsh-tools": "0.1.6-alpha.1"
      }
    },
    "../../.vite-plus/packages/@deepseek-ai/dsh/00671572-f304-4a47-8a24-6263ee7fd850/lib/node_modules/@deepseek-ai/dsh/node_modules/@deepseek-ai/dsh-tools": {
      "version": "0.1.6-alpha.1",
      "license": "MIT",
      "peer": true,
      "dependencies": {
        "@deepseek-ai/dsh-brand": "^0.1.6-alpha.1",
        "@deepseek-ai/dsh-util-values": "^0.1.6-alpha.1",
        "@deepseek-ai/schemastery": "^3.18.2"
      },
      "devDependencies": {
        "@deepseek-ai/cordis": "^4.0.2",
        "@deepseek-ai/dsh-agent": "^0.1.6-alpha.1",
        "@deepseek-ai/dsh-invariants": "^0.1.6-alpha.1",
        "@deepseek-ai/dsh-llm": "^0.1.6-alpha.1",
        "@deepseek-ai/dsh-ptc-runtime": "^0.1.6-alpha.1",
        "@deepseek-ai/dsh-sandbox": "^0.1.6-alpha.1",
        "@deepseek-ai/dsh-sandbox-policy": "^0.1.6-alpha.1",
        "@deepseek-ai/dsh-scope": "^0.1.6-alpha.1",
        "@deepseek-ai/dsh-session": "^0.1.6-alpha.1",
        "@deepseek-ai/dsh-session-projection": "^0.1.6-alpha.1",
        "@deepseek-ai/dsh-system-prompt": "^0.1.6-alpha.1",
        "@deepseek-ai/dsh-user-approval": "^0.1.6-alpha.1"
      },
      "peerDependencies": {
        "@deepseek-ai/cordis": "^4.0.2",
        "@deepseek-ai/dsh-agent": "^0.1.6-alpha.1",
        "@deepseek-ai/dsh-invariants": "^0.1.6-alpha.1",
        "@deepseek-ai/dsh-llm": "^0.1.6-alpha.1",
        "@deepseek-ai/dsh-ptc-runtime": "^0.1.6-alpha.1",
        "@deepseek-ai/dsh-sandbox": "^0.1.6-alpha.1",
        "@deepseek-ai/dsh-sandbox-policy": "^0.1.6-alpha.1",
        "@deepseek-ai/dsh-scope": "^0.1.6-alpha.1",
        "@deepseek-ai/dsh-session": "^0.1.6-alpha.1",
        "@deepseek-ai/dsh-system-prompt": "^0.1.6-alpha.1",
        "@deepseek-ai/dsh-user-approval": "^0.1.6-alpha.1"
      }
    },
    "node_modules/@deepseek-ai/dsh-tools": {
      "resolved": "../../.vite-plus/packages/@deepseek-ai/dsh/00671572-f304-4a47-8a24-6263ee7fd850/lib/node_modules/@deepseek-ai/dsh/node_modules/@deepseek-ai/dsh-tools",
      "link": true
    },
    "node_modules/@types/node": {
      "version": "24.13.5",
      "resolved": "https://registry.npmmirror.com/@types/node/-/node-24.13.5.tgz",
      "integrity": "sha512-TXyindR+lBr22aJIdMQzCFHPHR6cR4js838mRDCSz5hOKWZvZwsXSSiXDmjRj4iJmgl+sR9O+1mkoVBSMadNug==",
      "dev": true,
      "license": "MIT",
      "dependencies": {
        "undici-types": "~7.18.0"
      }
    },
    "node_modules/tree-sitter-wasm": {
      "version": "2.0.1",
      "resolved": "https://registry.npmmirror.com/tree-sitter-wasm/-/tree-sitter-wasm-2.0.1.tgz",
      "integrity": "sha512-VuJcTK89taP2UrkyW+sTYpIAfwk1pWgqxpTSDT2edCVajLjSOwKe6mVlfpjQckCYKVCm++ZXfS9J1N9S5CB3gg==",
      "license": "MIT",
      "optional": true
    },
    "node_modules/typescript": {
      "version": "5.9.3",
      "resolved": "https://registry.npmmirror.com/typescript/-/typescript-5.9.3.tgz",
      "integrity": "sha512-jl1vZzPDinLr9eUt3J/t7V6FgNEw9QjvBPdysz9KfQDD41fQrC2Y4vKQdiaUpFT4bXlb1RHhLpp8wtm6M5TgSw==",
      "dev": true,
      "license": "Apache-2.0",
      "bin": {
        "tsc": "bin/tsc",
        "tsserver": "bin/tsserver"
      },
      "engines": {
        "node": ">=14.17"
      }
    },
    "node_modules/undici-types": {
      "version": "7.18.2",
      "resolved": "https://registry.npmmirror.com/undici-types/-/undici-types-7.18.2.tgz",
      "integrity": "sha512-AsuCzffGHJybSaRrmr5eHr81mwJU3kjw6M+uprWvCXiNeN9SOGwQ3Jn8jb8m3Z6izVgknn1R0FTCEAP2QrLY/w==",
      "dev": true,
      "license": "MIT"
    },
    "node_modules/web-tree-sitter": {
      "version": "0.25.10",
      "resolved": "https://registry.npmmirror.com/web-tree-sitter/-/web-tree-sitter-0.25.10.tgz",
      "integrity": "sha512-Y09sF44/13XvgVKgO2cNDw5rGk6s26MgoZPXLESvMXeefBf7i6/73eFurre0IsTW6E14Y0ArIzhUMmjoc7xyzA==",
      "license": "MIT",
      "optional": true,
      "peerDependencies": {
        "@types/emscripten": "^1.40.0"
      },
      "peerDependenciesMeta": {
        "@types/emscripten": {
          "optional": true
        }
      }
    }
  }
}
